
Microsoft Visual Studio Solution File, Format Version 12.00
# Visual Studio Version 16
VisualStudioVersion = 16.0.29613.14
MinimumVisualStudioVersion = 10.0.40219.1
Project("{FAE04EC0-301F-11D3-BF4B-00C04F79EFBC}") = "dotnetcore_razor", "dotnetcore_razor\dotnetcore_razor.csproj", "{A1092676-2D24-4B7F-AC56-B51F9F04ACF6}"
EndProject
Global
	GlobalSection(SolutionConfigurationPlatforms) = preSolution
		Debug|Any CPU = Debug|Any CPU
		Release|Any CPU = Release|Any CPU
	EndGlobalSection
	GlobalSection(ProjectConfigurationPlatforms) = postSolution
		{A1092676-2D24-4B7F-AC56-B51F9F04ACF6}.Debug|Any CPU.ActiveCfg = Debug|Any CPU
		{A1092676-2D24-4B7F-AC56-B51F9F04ACF6}.Debug|Any CPU.Build.0 = Debug|Any CPU
		{A1092676-2D24-4B7F-AC56-B51F9F04ACF6}.Release|Any CPU.ActiveCfg = Release|Any CPU
		{A1092676-2D24-4B7F-AC56-B51F9F04ACF6}.Release|Any CPU.Build.0 = Release|Any CPU
	EndGlobalSection
	GlobalSection(SolutionProperties) = preSolution
		HideSolutionNode = FALSE
	EndGlobalSection
	GlobalSection(ExtensibilityGlobals) = postSolution
		SolutionGuid = {12210850-EAA2-4EE8-96B1-0D181DC14050}
	EndGlobalSection
EndGlobal
